Microsoft Visual Studio Solution File, Format Version 12.00
# Visual Studio Version 17
VisualStudioVersion = 17.5.2.0
MinimumVisualStudioVersion = 10.0.40219.1
Project("{FAE04EC0-301F-11D3-BF4B-00C04F79EFBC}") = "PlexImport", "PlexImport\PlexImport.csproj", "{33E64B95-85BD-5263-5225-DC63AC9483A9}"
EndProject
Global
	GlobalSection(SolutionConfigurationPlatforms) = preSolution
		Debug|Any CPU = Debug|Any CPU
		Release|Any CPU = Release|Any CPU
	EndGlobalSection
	GlobalSection(ProjectConfigurationPlatforms) = postSolution
		{33E64B95-85BD-5263-5225-DC63AC9483A9}.Debug|Any CPU.ActiveCfg = Debug|Any CPU
		{33E64B95-85BD-5263-5225-DC63AC9483A9}.Debug|Any CPU.Build.0 = Debug|Any CPU
		{33E64B95-85BD-5263-5225-DC63AC9483A9}.Release|Any CPU.ActiveCfg = Release|Any CPU
		{33E64B95-85BD-5263-5225-DC63AC9483A9}.Release|Any CPU.Build.0 = Release|Any CPU
	EndGlobalSection
	GlobalSection(SolutionProperties) = preSolution
		HideSolutionNode = FALSE
	EndGlobalSection
	GlobalSection(ExtensibilityGlobals) = postSolution
		SolutionGuid = {F8AA9B78-B0F2-4987-A91D-87BF26FD130F}
	EndGlobalSection
EndGlobal
